
Microsoft Visual Studio Solution File, Format Version 12.00
# Visual Studio Version 17
VisualStudioVersion = 17.7.34221.43
MinimumVisualStudioVersion = 10.0.40219.1
Project("{FAE04EC0-301F-11D3-BF4B-00C04F79EFBC}") = "утютютютю", "утютютютю.csproj", "{B2B45106-6473-458B-832A-2E7930D97D36}"
EndProject
Global
	GlobalSection(SolutionConfigurationPlatforms) = preSolution
		Debug|Any CPU = Debug|Any CPU
		Release|Any CPU = Release|Any CPU
	EndGlobalSection
	GlobalSection(ProjectConfigurationPlatforms) = postSolution
		{B2B45106-6473-458B-832A-2E7930D97D36}.Debug|Any CPU.ActiveCfg = Debug|Any CPU
		{B2B45106-6473-458B-832A-2E7930D97D36}.Debug|Any CPU.Build.0 = Debug|Any CPU
		{B2B45106-6473-458B-832A-2E7930D97D36}.Release|Any CPU.ActiveCfg = Release|Any CPU
		{B2B45106-6473-458B-832A-2E7930D97D36}.Release|Any CPU.Build.0 = Release|Any CPU
	EndGlobalSection
	GlobalSection(SolutionProperties) = preSolution
		HideSolutionNode = FALSE
	EndGlobalSection
	GlobalSection(ExtensibilityGlobals) = postSolution
		SolutionGuid = {F0ABC61D-82C5-4CFE-A40B-DA2110A8E382}
	EndGlobalSection
EndGlobal
